
Microsoft Visual Studio Solution File, Format Version 10.00
# Visual Studio 2008
Project("{8BC9CEB8-8B4A-11D0-8D11-00A0C91BC942}") = "nasa_robots", "nasa_robots\nasa_robots.vcproj", "{408E1CF6-311E-4147-8D52-A4CF659821DE}"
EndProject
Global
	GlobalSection(SolutionConfigurationPlatforms) = preSolution
		Debug|Win32 = Debug|Win32
		Release|Win32 = Release|Win32
	EndGlobalSection
	GlobalSection(ProjectConfigurationPlatforms) = postSolution
		{408E1CF6-311E-4147-8D52-A4CF659821DE}.Debug|Win32.ActiveCfg = Debug|Win32
		{408E1CF6-311E-4147-8D52-A4CF659821DE}.Debug|Win32.Build.0 = Debug|Win32
		{408E1CF6-311E-4147-8D52-A4CF659821DE}.Release|Win32.ActiveCfg = Release|Win32
		{408E1CF6-311E-4147-8D52-A4CF659821DE}.Release|Win32.Build.0 = Release|Win32
	EndGlobalSection
	GlobalSection(SolutionProperties) = preSolution
		HideSolutionNode = FALSE
	EndGlobalSection
EndGlobal
